
Microsoft Visual Studio Solution File, Format Version 12.00
# Visual Studio 15
VisualStudioVersion = 15.0.27004.2006
MinimumVisualStudioVersion = 10.0.40219.1
Project("{FAE04EC0-301F-11D3-BF4B-00C04F79EFBC}") = "MVCApp", "MVCApp\MVCApp.csproj", "{31038F26-5ECA-40FC-A922-1D74218FE85B}"
EndProject
Global
	GlobalSection(SolutionConfigurationPlatforms) = preSolution
		Debug|Any CPU = Debug|Any CPU
		Release|Any CPU = Release|Any CPU
	EndGlobalSection
	GlobalSection(ProjectConfigurationPlatforms) = postSolution
		{31038F26-5ECA-40FC-A922-1D74218FE85B}.Debug|Any CPU.ActiveCfg = Debug|Any CPU
		{31038F26-5ECA-40FC-A922-1D74218FE85B}.Debug|Any CPU.Build.0 = Debug|Any CPU
		{31038F26-5ECA-40FC-A922-1D74218FE85B}.Release|Any CPU.ActiveCfg = Release|Any CPU
		{31038F26-5ECA-40FC-A922-1D74218FE85B}.Release|Any CPU.Build.0 = Release|Any CPU
	EndGlobalSection
	GlobalSection(SolutionProperties) = preSolution
		HideSolutionNode = FALSE
	EndGlobalSection
	GlobalSection(ExtensibilityGlobals) = postSolution
		SolutionGuid = {1823203F-D4C4-4632-8EEC-15A59AC716C7}
	EndGlobalSection
EndGlobal
